// !$*UTF8*$!
{
	archiveVersion = 1;
	classes = {
	};
	objectVersion = 46;
	objects = {

/* Begin PBXBuildFile section */
		29BED41419D48CCF002A75FD /* AppDelegate.swift in Sources */ = {isa = PBXBuildFile; fileRef = 29BED41319D48CCF002A75FD /* AppDelegate.swift */; };
		29BED41619D48CCF002A75FD /* ViewController.swift in Sources */ = {isa = PBXBuildFile; fileRef = 29BED41519D48CCF002A75FD /* ViewController.swift */; };
		29BED41919D48CCF002A75FD /* Main.storyboard in Resources */ = {isa = PBXBuildFile; fileRef = 29BED41719D48CCF002A75FD /* Main.storyboard */; };
		29BED41B19D48CCF002A75FD /* Images.xcassets in Resources */ = {isa = PBXBuildFile; fileRef = 29BED41A19D48CCF002A75FD /* Images.xcassets */; };
		29BED41E19D48CCF002A75FD /* LaunchScreen.xib in Resources */ = {isa = PBXBuildFile; fileRef = 29BED41C19D48CCF002A75FD /* LaunchScreen.xib */; };
		29BED42A19D48CCF002A75FD /* PostcardTests.swift in Sources */ = {isa = PBXBuildFile; fileRef = 29BED42919D48CCF002A75FD /* PostcardTests.swift */; };
/* End PBXBuildFile section */

/* Begin PBXContainerItemProxy section */
		29BED42419D48CCF002A75FD /* PBXContainerItemProxy */ = {
			isa = PBXContainerItemProxy;
			containerPortal = 29BED40619D48CCF002A75FD /* Project object */;
			proxyType = 1;
			remoteGlobalIDString = 29BED40D19D48CCF002A75FD;
			remoteInfo = Postcard;
		};
/* End PBXContainerItemProxy section */

/* Begin PBXFileReference section */
		29BED40E19D48CCF002A75FD /* Postcard.app */ = {isa = PBXFileReference; explicitFileType = wrapper.application; includeInIndex = 0; path = Postcard.app; sourceTree = BUILT_PRODUCTS_DIR; };
		29BED41219D48CCF002A75FD /* Info.plist */ = {isa = PBXFileReference; lastKnownFileType = text.plist.xml; path = Info.plist; sourceTree = "<group>"; };
		29BED41319D48CCF002A75FD /* AppDelegate.swift */ = {isa = PBXFileReference; lastKnownFileType = sourcecode.swift; path = AppDelegate.swift; sourceTree = "<group>"; };
		29BED41519D48CCF002A75FD /* ViewController.swift */ = {isa = PBXFileReference; lastKnownFileType = sourcecode.swift; path = ViewController.swift; sourceTree = "<group>"; };
		29BED41819D48CCF002A75FD /* Base */ = {isa = PBXFileReference; lastKnownFileType = file.storyboard; name = Base; path = Base.lproj/Main.storyboard; sourceTree = "<group>"; };
		29BED41A19D48CCF002A75FD /* Images.xcassets */ = {isa = PBXFileReference; lastKnownFileType = folder.assetcatalog; path = Images.xcassets; sourceTree = "<group>"; };
		29BED41D19D48CCF002A75FD /* Base */ = {isa = PBXFileReference; lastKnownFileType = file.xib; name = Base; path = Base.lproj/LaunchScreen.xib; sourceTree = "<group>"; };
		29BED42319D48CCF002A75FD /* PostcardTests.xctest */ = {isa = PBXFileReference; explicitFileType = wrapper.cfbundle; includeInIndex = 0; path = PostcardTests.xctest; sourceTree = BUILT_PRODUCTS_DIR; };
		29BED42819D48CCF002A75FD /* Info.plist */ = {isa = PBXFileReference; lastKnownFileType = text.plist.xml; path = Info.plist; sourceTree = "<group>"; };
		29BED42919D48CCF002A75FD /* PostcardTests.swift */ = {isa = PBXFileReference; lastKnownFileType = sourcecode.swift; path = PostcardTests.swift; sourceTree = "<group>"; };
/* End PBXFileReference section */

/* Begin PBXFrameworksBuildPhase section */
		29BED40B19D48CCF002A75FD /* Frameworks */ = {
			isa = PBXFrameworksBuildPhase;
			buildActionMask = 2147483647;
			files = (
			);
			runOnlyForDeploymentPostprocessing = 0;
		};
		29BED42019D48CCF002A75FD /* Frameworks */ = {
			isa = PBXFrameworksBuildPhase;
			buildActionMask = 2147483647;
			files = (
			);
			runOnlyForDeploymentPostprocessing = 0;
		};
/* End PBXFrameworksBuildPhase section */

/* Begin PBXGroup section */
		29BED40519D48CCF002A75FD = {
			isa = PBXGroup;
			children = (
				29BED41019D48CCF002A75FD /* Postcard */,
				29BED42619D48CCF002A75FD /* PostcardTests */,
				29BED40F19D48CCF002A75FD /* Products */,
			);
			sourceTree = "<group>";
		};
		29BED40F19D48CCF002A75FD /* Products */ = {
			isa = PBXGroup;
			children = (
				29BED40E19D48CCF002A75FD /* Postcard.app */,
				29BED42319D48CCF002A75FD /* PostcardTests.xctest */,
			);
			name = Products;
			sourceTree = "<group>";
		};
		29BED41019D48CCF002A75FD /* Postcard */ = {
			isa = PBXGroup;
			children = (
				29BED41319D48CCF002A75FD /* AppDelegate.swift */,
				29BED41519D48CCF002A75FD /* ViewController.swift */,
				29BED41719D48CCF002A75FD /* Main.storyboard */,
				29BED41A19D48CCF002A75FD /* Images.xcassets */,
				29BED41C19D48CCF002A75FD /* LaunchScreen.xib */,
				29BED41119D48CCF002A75FD /* Supporting Files */,
			);
			path = Postcard;
			sourceTree = "<group>";
		};
		29BED41119D48CCF002A75FD /* Supporting Files */ = {
			isa = PBXGroup;
			children = (
				29BED41219D48CCF002A75FD /* Info.plist */,
			);
			name = "Supporting Files";
			sourceTree = "<group>";
		};
		29BED42619D48CCF002A75FD /* PostcardTests */ = {
			isa = PBXGroup;
			children = (
				29BED42919D48CCF002A75FD /* PostcardTests.swift */,
				29BED42719D48CCF002A75FD /* Supporting Files */,
			);
			path = PostcardTests;
			sourceTree = "<group>";
		};
		29BED42719D48CCF002A75FD /* Supporting Files */ = {
			isa = PBXGroup;
			children = (
				29BED42819D48CCF002A75FD /* Info.plist */,
			);
			name = "Supporting Files";
			sourceTree = "<group>";
		};
/* End PBXGroup section */

/* Begin PBXNativeTarget section */
		29BED40D19D48CCF002A75FD /* Postcard */ = {
			isa = PBXNativeTarget;
			buildConfigurationList = 29BED42D19D48CCF002A75FD /* Build configuration list for PBXNativeTarget "Postcard" */;
			buildPhases = (
				29BED40A19D48CCF002A75FD /* Sources */,
				29BED40B19D48CCF002A75FD /* Frameworks */,
				29BED40C19D48CCF002A75FD /* Resources */,
			);
			buildRules = (
			);
			dependencies = (
			);
			name = Postcard;
			productName = Postcard;
			productReference = 29BED40E19D48CCF002A75FD /* Postcard.app */;
			productType = "com.apple.product-type.application";
		};
		29BED42219D48CCF002A75FD /* PostcardTests */ = {
			isa = PBXNativeTarget;
			buildConfigurationList = 29BED43019D48CCF002A75FD /* Build configuration list for PBXNativeTarget "PostcardTests" */;
			buildPhases = (
				29BED41F19D48CCF002A75FD /* Sources */,
				29BED42019D48CCF002A75FD /* Frameworks */,
				29BED42119D48CCF002A75FD /* Resources */,
			);
			buildRules = (
			);
			dependencies = (
				29BED42519D48CCF002A75FD /* PBXTargetDependency */,
			);
			name = PostcardTests;
			productName = PostcardTests;
			productReference = 29BED42319D48CCF002A75FD /* PostcardTests.xctest */;
			productType = "com.apple.product-type.bundle.unit-test";
		};
/* End PBXNativeTarget section */

/* Begin PBXProject section */
		29BED40619D48CCF002A75FD /* Project object */ = {
			isa = PBXProject;
			attributes = {
				LastUpgradeCheck = 0600;
				ORGANIZATIONNAME = "PJ Games";
				TargetAttributes = {
					29BED40D19D48CCF002A75FD = {
						CreatedOnToolsVersion = 6.0.1;
					};
					29BED42219D48CCF002A75FD = {
						CreatedOnToolsVersion = 6.0.1;
						TestTargetID = 29BED40D19D48CCF002A75FD;
					};
				};
			};
			buildConfigurationList = 29BED40919D48CCF002A75FD /* Build configuration list for PBXProject "Postcard" */;
			compatibilityVersion = "Xcode 3.2";
			developmentRegion = English;
			hasScannedForEncodings = 0;
			knownRegions = (
				en,
				Base,
			);
			mainGroup = 29BED40519D48CCF002A75FD;
			productRefGroup = 29BED40F19D48CCF002A75FD /* Products */;
			projectDirPath = "";
			projectRoot = "";
			targets = (
				29BED40D19D48CCF002A75FD /* Postcard */,
				29BED42219D48CCF002A75FD /* PostcardTests */,
			);
		};
/* End PBXProject section */

/* Begin PBXResourcesBuildPhase section */
		29BED40C19D48CCF002A75FD /* Resources */ = {
			isa = PBXResourcesBuildPhase;
			buildActionMask = 2147483647;
			files = (
				29BED41919D48CCF002A75FD /* Main.storyboard in Resources */,
				29BED41E19D48CCF002A75FD /* LaunchScreen.xib in Resources */,
				29BED41B19D48CCF002A75FD /* Images.xcassets in Resources */,
			);
			runOnlyForDeploymentPostprocessing = 0;
		};
		29BED42119D48CCF002A75FD /* Resources */ = {
			isa = PBXResourcesBuildPhase;
			buildActionMask = 2147483647;
			files = (
			);
			runOnlyForDeploymentPostprocessing = 0;
		};
/* End PBXResourcesBuildPhase section */

/* Begin PBXSourcesBuildPhase section */
		29BED40A19D48CCF002A75FD /* Sources */ = {
			isa = PBXSourcesBuildPhase;
			buildActionMask = 2147483647;
			files = (
				29BED41619D48CCF002A75FD /* ViewController.swift in Sources */,
				29BED41419D48CCF002A75FD /* AppDelegate.swift in Sources */,
			);
			runOnlyForDeploymentPostprocessing = 0;
		};
		29BED41F19D48CCF002A75FD /* Sources */ = {
			isa = PBXSourcesBuildPhase;
			buildActionMask = 2147483647;
			files = (
				29BED42A19D48CCF002A75FD /* PostcardTests.swift in Sources */,
			);
			runOnlyForDeploymentPostprocessing = 0;
		};
/* End PBXSourcesBuildPhase section */

/* Begin PBXTargetDependency section */
		29BED42519D48CCF002A75FD /* PBXTargetDependency */ = {
			isa = PBXTargetDependency;
			target = 29BED40D19D48CCF002A75FD /* Postcard */;
			targetProxy = 29BED42419D48CCF002A75FD /* PBXContainerItemProxy */;
		};
/* End PBXTargetDependency section */

/* Begin PBXVariantGroup section */
		29BED41719D48CCF002A75FD /* Main.storyboard */ = {
			isa = PBXVariantGroup;
			children = (
				29BED41819D48CCF002A75FD /* Base */,
			);
			name = Main.storyboard;
			sourceTree = "<group>";
		};
		29BED41C19D48CCF002A75FD /* LaunchScreen.xib */ = {
			isa = PBXVariantGroup;
			children = (
				29BED41D19D48CCF002A75FD /* Base */,
			);
			name = LaunchScreen.xib;
			sourceTree = "<group>";
		};
/* End PBXVariantGroup section */

/* Begin XCBuildConfiguration section */
		29BED42B19D48CCF002A75FD /* Debug */ = {
			isa = XCBuildConfiguration;
			buildSettings = {
				ALWAYS_SEARCH_USER_PATHS = NO;
				CLANG_CXX_LANGUAGE_STANDARD = "gnu++0x";
				CLANG_CXX_LIBRARY = "libc++";
				CLANG_ENABLE_MODULES = YES;
				CLANG_ENABLE_OBJC_ARC = YES;
				CLANG_WARN_BOOL_CONVERSION = YES;
				CLANG_WARN_CONSTANT_CONVERSION = YES;
				CLANG_WARN_DIRECT_OBJC_ISA_USAGE = YES_ERROR;
				CLANG_WARN_EMPTY_BODY = YES;
				CLANG_WARN_ENUM_CONVERSION = YES;
				CLANG_WARN_INT_CONVERSION = YES;
				CLANG_WARN_OBJC_ROOT_CLASS = YES_ERROR;
				CLANG_WARN_UNREACHABLE_CODE = YES;
				CLANG_WARN__DUPLICATE_METHOD_MATCH = YES;
				"CODE_SIGN_IDENTITY[sdk=iphoneos*]" = "iPhone Developer";
				COPY_PHASE_STRIP = NO;
				ENABLE_STRICT_OBJC_MSGSEND = YES;
				GCC_C_LANGUAGE_STANDARD = gnu99;
				GCC_DYNAMIC_NO_PIC = NO;
				GCC_OPTIMIZATION_LEVEL = 0;
				GCC_PREPROCESSOR_DEFINITIONS = (
					"DEBUG=1",
					"$(inherited)",
				);
				GCC_SYMBOLS_PRIVATE_EXTERN = NO;
				GCC_WARN_64_TO_32_BIT_CONVERSION = YES;
				GCC_WARN_ABOUT_RETURN_TYPE = YES_ERROR;
				GCC_WARN_UNDECLARED_SELECTOR = YES;
				GCC_WARN_UNINITIALIZED_AUTOS = YES_AGGRESSIVE;
				GCC_WARN_UNUSED_FUNCTION = YES;
				GCC_WARN_UNUSED_VARIABLE = YES;
				IPHONEOS_DEPLOYMENT_TARGET = 8.0;
				MTL_ENABLE_DEBUG_INFO = YES;
				ONLY_ACTIVE_ARCH = YES;
				SDKROOT = iphoneos;
				SWIFT_OPTIMIZATION_LEVEL = "-Onone";
			};
			name = Debug;
		};
		29BED42C19D48CCF002A75FD /* Release */ = {
			isa = XCBuildConfiguration;
			buildSettings = {
				ALWAYS_SEARCH_USER_PATHS = NO;
				CLANG_CXX_LANGUAGE_STANDARD = "gnu++0x";
				CLANG_CXX_LIBRARY = "libc++";
				CLANG_ENABLE_MODULES = YES;
				CLANG_ENABLE_OBJC_ARC = YES;
				CLANG_WARN_BOOL_CONVERSION = YES;
				CLANG_WARN_CONSTANT_CONVERSION = YES;
				CLANG_WARN_DIRECT_OBJC_ISA_USAGE = YES_ERROR;
				CLANG_WARN_EMPTY_BODY = YES;
				CLANG_WARN_ENUM_CONVERSION = YES;
				CLANG_WARN_INT_CONVERSION = YES;
				CLANG_WARN_OBJC_ROOT_CLASS = YES_ERROR;
				CLANG_WARN_UNREACHABLE_CODE = YES;
				CLANG_WARN__DUPLICATE_METHOD_MATCH = YES;
				"CODE_SIGN_IDENTITY[sdk=iphoneos*]" = "iPhone Developer";
				COPY_PHASE_STRIP = YES;
				ENABLE_NS_ASSERTIONS = NO;
				ENABLE_STRICT_OBJC_MSGSEND = YES;
				GCC_C_LANGUAGE_STANDARD = gnu99;
				GCC_WARN_64_TO_32_BIT_CONVERSION = YES;
				GCC_WARN_ABOUT_RETURN_TYPE = YES_ERROR;
				GCC_WARN_UNDECLARED_SELECTOR = YES;
				GCC_WARN_UNINITIALIZED_AUTOS = YES_AGGRESSIVE;
				GCC_WARN_UNUSED_FUNCTION = YES;
				GCC_WARN_UNUSED_VARIABLE = YES;
				IPHONEOS_DEPLOYMENT_TARGET = 8.0;
				MTL_ENABLE_DEBUG_INFO = NO;
				SDKROOT = iphoneos;
				VALIDATE_PRODUCT = YES;
			};
			name = Release;
		};
		29BED42E19D48CCF002A75FD /* Debug */ = {
			isa = XCBuildConfiguration;
			buildSettings = {
				ASSETCATALOG_COMPILER_APPICON_NAME = AppIcon;
				INFOPLIST_FILE = Postcard/Info.plist;
				LD_RUNPATH_SEARCH_PATHS = "$(inherited) @executable_path/Frameworks";
				PRODUCT_NAME = "$(TARGET_NAME)";
			};
			name = Debug;
		};
		29BED42F19D48CCF002A75FD /* Release */ = {
			isa = XCBuildConfiguration;
			buildSettings = {
				ASSETCATALOG_COMPILER_APPICON_NAME = AppIcon;
				INFOPLIST_FILE = Postcard/Info.plist;
				LD_RUNPATH_SEARCH_PATHS = "$(inherited) @executable_path/Frameworks";
				PRODUCT_NAME = "$(TARGET_NAME)";
			};
			name = Release;
		};
		29BED43119D48CCF002A75FD /* Debug */ = {
			isa = XCBuildConfiguration;
			buildSettings = {
				BUNDLE_LOADER = "$(TEST_HOST)";
				FRAMEWORK_SEARCH_PATHS = (
					"$(SDKROOT)/Developer/Library/Frameworks",
					"$(inherited)",
				);
				GCC_PREPROCESSOR_DEFINITIONS = (
					"DEBUG=1",
					"$(inherited)",
				);
				INFOPLIST_FILE = PostcardTests/Info.plist;
				LD_RUNPATH_SEARCH_PATHS = "$(inherited) @executable_path/Frameworks @loader_path/Frameworks";
				PRODUCT_NAME = "$(TARGET_NAME)";
				TEST_HOST = "$(BUILT_PRODUCTS_DIR)/Postcard.app/Postcard";
			};
			name = Debug;
		};
		29BED43219D48CCF002A75FD /* Release */ = {
			isa = XCBuildConfiguration;
			buildSettings = {
				BUNDLE_LOADER = "$(TEST_HOST)";
				FRAMEWORK_SEARCH_PATHS = (
					"$(SDKROOT)/Developer/Library/Frameworks",
					"$(inherited)",
				);
				INFOPLIST_FILE = PostcardTests/Info.plist;
				LD_RUNPATH_SEARCH_PATHS = "$(inherited) @executable_path/Frameworks @loader_path/Frameworks";
				PRODUCT_NAME = "$(TARGET_NAME)";
				TEST_HOST = "$(BUILT_PRODUCTS_DIR)/Postcard.app/Postcard";
			};
			name = Release;
		};
/* End XCBuildConfiguration section */

/* Begin XCConfigurationList section */
		29BED40919D48CCF002A75FD /* Build configuration list for PBXProject "Postcard" */ = {
			isa = XCConfigurationList;
			buildConfigurations = (
				29BED42B19D48CCF002A75FD /* Debug */,
				29BED42C19D48CCF002A75FD /* Release */,
			);
			defaultConfigurationIsVisible = 0;
			defaultConfigurationName = Release;
		};
		29BED42D19D48CCF002A75FD /* Build configuration list for PBXNativeTarget "Postcard" */ = {
			isa = XCConfigurationList;
			buildConfigurations = (
				29BED42E19D48CCF002A75FD /* Debug */,
				29BED42F19D48CCF002A75FD /* Release */,
			);
			defaultConfigurationIsVisible = 0;
		};
		29BED43019D48CCF002A75FD /* Build configuration list for PBXNativeTarget "PostcardTests" */ = {
			isa = XCConfigurationList;
			buildConfigurations = (
				29BED43119D48CCF002A75FD /* Debug */,
				29BED43219D48CCF002A75FD /* Release */,
			);
			defaultConfigurationIsVisible = 0;
		};
/* End XCConfigurationList section */
	};
	rootObject = 29BED40619D48CCF002A75FD /* Project object */;
}
